
Microsoft Visual Studio Solution File, Format Version 12.00
# Visual Studio Version 16
VisualStudioVersion = 16.0.29926.136
MinimumVisualStudioVersion = 10.0.40219.1
Project("{FAE04EC0-301F-11D3-BF4B-00C04F79EFBC}") = "AutoGen", "AutoGen\AutoGen.csproj", "{43F52FC6-7119-43FF-BDB5-BAE2BED0AB70}"
EndProject
Project("{8BC9CEB8-8B4A-11D0-8D11-00A0C91BC942}") = "Detours", "Detours\Detours.vcxproj", "{4F2037AB-CB12-4D7A-9622-66DEBEF32F9B}"
EndProject
Project("{2150E333-8FDC-42A3-9474-1A3956D46DE8}") = "Detours Samples", "Detours Samples", "{DE9FFAF9-C04B-4074-AB05-2E4BF2200709}"
EndProject
Project("{8BC9CEB8-8B4A-11D0-8D11-00A0C91BC942}") = "syelog", "Detours\samples\syelog\syelog.vcxproj", "{535F9BA2-C420-47E5-8A2D-7A6A64384B68}"
EndProject
Project("{8BC9CEB8-8B4A-11D0-8D11-00A0C91BC942}") = "COMEasy", "Detours\samples\comeasy\COMEasy.vcxproj", "{F36CA385-D69A-42C9-AC95-5C6FCDA7DC7A}"
EndProject
Project("{8BC9CEB8-8B4A-11D0-8D11-00A0C91BC942}") = "COMMem", "Detours\samples\commem\COMMem.vcxproj", "{DEEC8912-D855-4F36-8721-C75AE3557C4F}"
EndProject
Project("{8BC9CEB8-8B4A-11D0-8D11-00A0C91BC942}") = "Disas", "Detours\samples\disas\Disas.vcxproj", "{CADBAE8A-1B73-4D01-84F8-80102DA890D4}"
EndProject
Project("{8BC9CEB8-8B4A-11D0-8D11-00A0C91BC942}") = "Dumpe", "Detours\samples\dumpe\Dumpe.vcxproj", "{CA190052-3E9B-45DB-945A-70CE0B99FED0}"
EndProject
Project("{8BC9CEB8-8B4A-11D0-8D11-00A0C91BC942}") = "Dumpi", "Detours\samples\dumpi\Dumpi.vcxproj", "{6336CFB1-84D2-45FF-ADC4-A98ADAE5019F}"
EndProject
Project("{8BC9CEB8-8B4A-11D0-8D11-00A0C91BC942}") = "Echo", "Detours\samples\echo\Echo.vcxproj", "{D98F0CCC-89CA-43A7-A3BB-A1F1E3BD2040}"
EndProject
Project("{8BC9CEB8-8B4A-11D0-8D11-00A0C91BC942}") = "FindFunc", "Detours\samples\findfunc\FindFunc.vcxproj", "{32CA4479-D9A0-4B20-A323-A4A248829C1F}"
EndProject
Project("{8BC9CEB8-8B4A-11D0-8D11-00A0C91BC942}") = "ImpMunge", "Detours\samples\impmunge\ImpMunge.vcxproj", "{6D33ABEC-0B1E-4238-AE9D-ECACB7225E2B}"
EndProject
Project("{8BC9CEB8-8B4A-11D0-8D11-00A0C91BC942}") = "Member", "Detours\samples\member\Member.vcxproj", "{B748E1CF-D361-4547-BA90-63F23E82F275}"
EndProject
Project("{8BC9CEB8-8B4A-11D0-8D11-00A0C91BC942}") = "Region", "Detours\samples\region\Region.vcxproj", "{A07C7708-6738-4073-800E-054B58A29431}"
EndProject
Project("{8BC9CEB8-8B4A-11D0-8D11-00A0C91BC942}") = "SetDLL", "Detours\samples\setdll\SetDLL.vcxproj", "{20846EC7-02EC-4C19-92BB-1955E91646E8}"
EndProject
Project("{8BC9CEB8-8B4A-11D0-8D11-00A0C91BC942}") = "Simple", "Detours\samples\simple\Simple.vcxproj", "{8A930CC3-5136-4A53-B4DD-306A1FCFB991}"
EndProject
Project("{8BC9CEB8-8B4A-11D0-8D11-00A0C91BC942}") = "Slept", "Detours\samples\slept\Slept.vcxproj", "{CF73FC28-386B-477A-BAD9-954BC27BAC29}"
EndProject
Project("{8BC9CEB8-8B4A-11D0-8D11-00A0C91BC942}") = "TraceBld", "Detours\samples\tracebld\TraceBld.vcxproj", "{1AFC0A4A-CDD1-4908-8230-CAC40ECB4A84}"
EndProject
Project("{8BC9CEB8-8B4A-11D0-8D11-00A0C91BC942}") = "TryMan", "Detours\samples\tryman\TryMan.vcxproj", "{51EE7D77-A47D-4F69-9559-94C680335F08}"
EndProject
Project("{8BC9CEB8-8B4A-11D0-8D11-00A0C91BC942}") = "WithDLL", "Detours\samples\withdll\WithDLL.vcxproj", "{940092EE-D1EF-47CE-B447-49693F71D1A8}"
EndProject
Project("{8BC9CEB8-8B4A-11D0-8D11-00A0C91BC942}") = "TraceAPI", "TraceAPI\TraceAPI.vcxproj", "{309B711E-BA37-4A57-88A4-1C7FE12A749E}"
EndProject
Project("{8BC9CEB8-8B4A-11D0-8D11-00A0C91BC942}") = "InjectDLL", "InjectDLL\InjectDLL.vcxproj", "{0DB7947C-A71E-4A35-AD1B-6A79E74E4EBB}"
EndProject
Project("{8BC9CEB8-8B4A-11D0-8D11-00A0C91BC942}") = "EjectDLL", "EjectDLL\EjectDLL.vcxproj", "{146DA310-83BB-4AC4-B15A-E5CCEFCB25E3}"
EndProject
Project("{2150E333-8FDC-42A3-9474-1A3956D46DE8}") = "Solution Items", "Solution Items", "{F7CAE5AE-1FF8-4870-B6A2-3A63B3144AB1}"
	ProjectSection(SolutionItems) = preProject
		README.md = README.md
	EndProjectSection
EndProject
Global
	GlobalSection(SolutionConfigurationPlatforms) = preSolution
		Debug|Any CPU = Debug|Any CPU
		Debug|x64 = Debug|x64
		Debug|x86 = Debug|x86
		Release|Any CPU = Release|Any CPU
		Release|x64 = Release|x64
		Release|x86 = Release|x86
	EndGlobalSection
	GlobalSection(ProjectConfigurationPlatforms) = postSolution
		{43F52FC6-7119-43FF-BDB5-BAE2BED0AB70}.Debug|Any CPU.ActiveCfg = Debug|Any CPU
		{43F52FC6-7119-43FF-BDB5-BAE2BED0AB70}.Debug|Any CPU.Build.0 = Debug|Any CPU
		{43F52FC6-7119-43FF-BDB5-BAE2BED0AB70}.Debug|x64.ActiveCfg = Debug|Any CPU
		{43F52FC6-7119-43FF-BDB5-BAE2BED0AB70}.Debug|x64.Build.0 = Debug|Any CPU
		{43F52FC6-7119-43FF-BDB5-BAE2BED0AB70}.Debug|x86.ActiveCfg = Debug|Any CPU
		{43F52FC6-7119-43FF-BDB5-BAE2BED0AB70}.Release|Any CPU.ActiveCfg = Release|Any CPU
		{43F52FC6-7119-43FF-BDB5-BAE2BED0AB70}.Release|Any CPU.Build.0 = Release|Any CPU
		{43F52FC6-7119-43FF-BDB5-BAE2BED0AB70}.Release|x64.ActiveCfg = Release|Any CPU
		{43F52FC6-7119-43FF-BDB5-BAE2BED0AB70}.Release|x64.Build.0 = Release|Any CPU
		{43F52FC6-7119-43FF-BDB5-BAE2BED0AB70}.Release|x86.ActiveCfg = Release|Any CPU
		{43F52FC6-7119-43FF-BDB5-BAE2BED0AB70}.Release|x86.Build.0 = Release|Any CPU
		{4F2037AB-CB12-4D7A-9622-66DEBEF32F9B}.Debug|Any CPU.ActiveCfg = Debug|x64
		{4F2037AB-CB12-4D7A-9622-66DEBEF32F9B}.Debug|x64.ActiveCfg = Debug|x64
		{4F2037AB-CB12-4D7A-9622-66DEBEF32F9B}.Debug|x64.Build.0 = Debug|x64
		{4F2037AB-CB12-4D7A-9622-66DEBEF32F9B}.Debug|x86.ActiveCfg = Debug|Win32
		{4F2037AB-CB12-4D7A-9622-66DEBEF32F9B}.Release|Any CPU.ActiveCfg = Release|x64
		{4F2037AB-CB12-4D7A-9622-66DEBEF32F9B}.Release|x64.ActiveCfg = Release|x64
		{4F2037AB-CB12-4D7A-9622-66DEBEF32F9B}.Release|x64.Build.0 = Release|x64
		{4F2037AB-CB12-4D7A-9622-66DEBEF32F9B}.Release|x86.ActiveCfg = Release|Win32
		{535F9BA2-C420-47E5-8A2D-7A6A64384B68}.Debug|Any CPU.ActiveCfg = Debug|x64
		{535F9BA2-C420-47E5-8A2D-7A6A64384B68}.Debug|x64.ActiveCfg = Debug|x64
		{535F9BA2-C420-47E5-8A2D-7A6A64384B68}.Debug|x64.Build.0 = Debug|x64
		{535F9BA2-C420-47E5-8A2D-7A6A64384B68}.Debug|x86.ActiveCfg = Debug|Win32
		{535F9BA2-C420-47E5-8A2D-7A6A64384B68}.Release|Any CPU.ActiveCfg = Release|x64
		{535F9BA2-C420-47E5-8A2D-7A6A64384B68}.Release|x64.ActiveCfg = Release|x64
		{535F9BA2-C420-47E5-8A2D-7A6A64384B68}.Release|x64.Build.0 = Release|x64
		{535F9BA2-C420-47E5-8A2D-7A6A64384B68}.Release|x86.ActiveCfg = Release|Win32
		{F36CA385-D69A-42C9-AC95-5C6FCDA7DC7A}.Debug|Any CPU.ActiveCfg = Debug|x64
		{F36CA385-D69A-42C9-AC95-5C6FCDA7DC7A}.Debug|x64.ActiveCfg = Debug|x64
		{F36CA385-D69A-42C9-AC95-5C6FCDA7DC7A}.Debug|x64.Build.0 = Debug|x64
		{F36CA385-D69A-42C9-AC95-5C6FCDA7DC7A}.Debug|x86.ActiveCfg = Debug|Win32
		{F36CA385-D69A-42C9-AC95-5C6FCDA7DC7A}.Release|Any CPU.ActiveCfg = Release|x64
		{F36CA385-D69A-42C9-AC95-5C6FCDA7DC7A}.Release|x64.ActiveCfg = Release|x64
		{F36CA385-D69A-42C9-AC95-5C6FCDA7DC7A}.Release|x64.Build.0 = Release|x64
		{F36CA385-D69A-42C9-AC95-5C6FCDA7DC7A}.Release|x86.ActiveCfg = Release|Win32
		{DEEC8912-D855-4F36-8721-C75AE3557C4F}.Debug|Any CPU.ActiveCfg = Debug|x64
		{DEEC8912-D855-4F36-8721-C75AE3557C4F}.Debug|x64.ActiveCfg = Debug|x64
		{DEEC8912-D855-4F36-8721-C75AE3557C4F}.Debug|x64.Build.0 = Debug|x64
		{DEEC8912-D855-4F36-8721-C75AE3557C4F}.Debug|x86.ActiveCfg = Debug|Win32
		{DEEC8912-D855-4F36-8721-C75AE3557C4F}.Release|Any CPU.ActiveCfg = Release|x64
		{DEEC8912-D855-4F36-8721-C75AE3557C4F}.Release|x64.ActiveCfg = Release|x64
		{DEEC8912-D855-4F36-8721-C75AE3557C4F}.Release|x64.Build.0 = Release|x64
		{DEEC8912-D855-4F36-8721-C75AE3557C4F}.Release|x86.ActiveCfg = Release|Win32
		{CADBAE8A-1B73-4D01-84F8-80102DA890D4}.Debug|Any CPU.ActiveCfg = Debug|x64
		{CADBAE8A-1B73-4D01-84F8-80102DA890D4}.Debug|x64.ActiveCfg = Debug|x64
		{CADBAE8A-1B73-4D01-84F8-80102DA890D4}.Debug|x64.Build.0 = Debug|x64
		{CADBAE8A-1B73-4D01-84F8-80102DA890D4}.Debug|x86.ActiveCfg = Debug|Win32
		{CADBAE8A-1B73-4D01-84F8-80102DA890D4}.Release|Any CPU.ActiveCfg = Release|x64
		{CADBAE8A-1B73-4D01-84F8-80102DA890D4}.Release|x64.ActiveCfg = Release|x64
		{CADBAE8A-1B73-4D01-84F8-80102DA890D4}.Release|x64.Build.0 = Release|x64
		{CADBAE8A-1B73-4D01-84F8-80102DA890D4}.Release|x86.ActiveCfg = Release|Win32
		{CA190052-3E9B-45DB-945A-70CE0B99FED0}.Debug|Any CPU.ActiveCfg = Debug|x64
		{CA190052-3E9B-45DB-945A-70CE0B99FED0}.Debug|x64.ActiveCfg = Debug|x64
		{CA190052-3E9B-45DB-945A-70CE0B99FED0}.Debug|x64.Build.0 = Debug|x64
		{CA190052-3E9B-45DB-945A-70CE0B99FED0}.Debug|x86.ActiveCfg = Debug|Win32
		{CA190052-3E9B-45DB-945A-70CE0B99FED0}.Release|Any CPU.ActiveCfg = Release|x64
		{CA190052-3E9B-45DB-945A-70CE0B99FED0}.Release|x64.ActiveCfg = Release|x64
		{CA190052-3E9B-45DB-945A-70CE0B99FED0}.Release|x64.Build.0 = Release|x64
		{CA190052-3E9B-45DB-945A-70CE0B99FED0}.Release|x86.ActiveCfg = Release|Win32
		{6336CFB1-84D2-45FF-ADC4-A98ADAE5019F}.Debug|Any CPU.ActiveCfg = Debug|x64
		{6336CFB1-84D2-45FF-ADC4-A98ADAE5019F}.Debug|x64.ActiveCfg = Debug|x64
		{6336CFB1-84D2-45FF-ADC4-A98ADAE5019F}.Debug|x64.Build.0 = Debug|x64
		{6336CFB1-84D2-45FF-ADC4-A98ADAE5019F}.Debug|x86.ActiveCfg = Debug|Win32
		{6336CFB1-84D2-45FF-ADC4-A98ADAE5019F}.Release|Any CPU.ActiveCfg = Release|x64
		{6336CFB1-84D2-45FF-ADC4-A98ADAE5019F}.Release|x64.ActiveCfg = Release|x64
		{6336CFB1-84D2-45FF-ADC4-A98ADAE5019F}.Release|x64.Build.0 = Release|x64
		{6336CFB1-84D2-45FF-ADC4-A98ADAE5019F}.Release|x86.ActiveCfg = Release|Win32
		{D98F0CCC-89CA-43A7-A3BB-A1F1E3BD2040}.Debug|Any CPU.ActiveCfg = Debug|x64
		{D98F0CCC-89CA-43A7-A3BB-A1F1E3BD2040}.Debug|x64.ActiveCfg = Debug|x64
		{D98F0CCC-89CA-43A7-A3BB-A1F1E3BD2040}.Debug|x64.Build.0 = Debug|x64
		{D98F0CCC-89CA-43A7-A3BB-A1F1E3BD2040}.Debug|x86.ActiveCfg = Debug|Win32
		{D98F0CCC-89CA-43A7-A3BB-A1F1E3BD2040}.Release|Any CPU.ActiveCfg = Release|x64
		{D98F0CCC-89CA-43A7-A3BB-A1F1E3BD2040}.Release|x64.ActiveCfg = Release|x64
		{D98F0CCC-89CA-43A7-A3BB-A1F1E3BD2040}.Release|x64.Build.0 = Release|x64
		{D98F0CCC-89CA-43A7-A3BB-A1F1E3BD2040}.Release|x86.ActiveCfg = Release|Win32
		{32CA4479-D9A0-4B20-A323-A4A248829C1F}.Debug|Any CPU.ActiveCfg = Debug|x64
		{32CA4479-D9A0-4B20-A323-A4A248829C1F}.Debug|x64.ActiveCfg = Debug|x64
		{32CA4479-D9A0-4B20-A323-A4A248829C1F}.Debug|x64.Build.0 = Debug|x64
		{32CA4479-D9A0-4B20-A323-A4A248829C1F}.Debug|x86.ActiveCfg = Debug|Win32
		{32CA4479-D9A0-4B20-A323-A4A248829C1F}.Release|Any CPU.ActiveCfg = Release|x64
		{32CA4479-D9A0-4B20-A323-A4A248829C1F}.Release|x64.ActiveCfg = Release|x64
		{32CA4479-D9A0-4B20-A323-A4A248829C1F}.Release|x64.Build.0 = Release|x64
		{32CA4479-D9A0-4B20-A323-A4A248829C1F}.Release|x86.ActiveCfg = Release|Win32
		{6D33ABEC-0B1E-4238-AE9D-ECACB7225E2B}.Debug|Any CPU.ActiveCfg = Debug|x64
		{6D33ABEC-0B1E-4238-AE9D-ECACB7225E2B}.Debug|x64.ActiveCfg = Debug|x64
		{6D33ABEC-0B1E-4238-AE9D-ECACB7225E2B}.Debug|x64.Build.0 = Debug|x64
		{6D33ABEC-0B1E-4238-AE9D-ECACB7225E2B}.Debug|x86.ActiveCfg = Debug|Win32
		{6D33ABEC-0B1E-4238-AE9D-ECACB7225E2B}.Release|Any CPU.ActiveCfg = Release|x64
		{6D33ABEC-0B1E-4238-AE9D-ECACB7225E2B}.Release|x64.ActiveCfg = Release|x64
		{6D33ABEC-0B1E-4238-AE9D-ECACB7225E2B}.Release|x64.Build.0 = Release|x64
		{6D33ABEC-0B1E-4238-AE9D-ECACB7225E2B}.Release|x86.ActiveCfg = Release|Win32
		{B748E1CF-D361-4547-BA90-63F23E82F275}.Debug|Any CPU.ActiveCfg = Debug|x64
		{B748E1CF-D361-4547-BA90-63F23E82F275}.Debug|x64.ActiveCfg = Debug|x64
		{B748E1CF-D361-4547-BA90-63F23E82F275}.Debug|x64.Build.0 = Debug|x64
		{B748E1CF-D361-4547-BA90-63F23E82F275}.Debug|x86.ActiveCfg = Debug|Win32
		{B748E1CF-D361-4547-BA90-63F23E82F275}.Release|Any CPU.ActiveCfg = Release|x64
		{B748E1CF-D361-4547-BA90-63F23E82F275}.Release|x64.ActiveCfg = Release|x64
		{B748E1CF-D361-4547-BA90-63F23E82F275}.Release|x64.Build.0 = Release|x64
		{B748E1CF-D361-4547-BA90-63F23E82F275}.Release|x86.ActiveCfg = Release|Win32
		{A07C7708-6738-4073-800E-054B58A29431}.Debug|Any CPU.ActiveCfg = Debug|x64
		{A07C7708-6738-4073-800E-054B58A29431}.Debug|x64.ActiveCfg = Debug|x64
		{A07C7708-6738-4073-800E-054B58A29431}.Debug|x64.Build.0 = Debug|x64
		{A07C7708-6738-4073-800E-054B58A29431}.Debug|x86.ActiveCfg = Debug|Win32
		{A07C7708-6738-4073-800E-054B58A29431}.Release|Any CPU.ActiveCfg = Release|x64
		{A07C7708-6738-4073-800E-054B58A29431}.Release|x64.ActiveCfg = Release|x64
		{A07C7708-6738-4073-800E-054B58A29431}.Release|x64.Build.0 = Release|x64
		{A07C7708-6738-4073-800E-054B58A29431}.Release|x86.ActiveCfg = Release|Win32
		{20846EC7-02EC-4C19-92BB-1955E91646E8}.Debug|Any CPU.ActiveCfg = Debug|x64
		{20846EC7-02EC-4C19-92BB-1955E91646E8}.Debug|x64.ActiveCfg = Debug|x64
		{20846EC7-02EC-4C19-92BB-1955E91646E8}.Debug|x64.Build.0 = Debug|x64
		{20846EC7-02EC-4C19-92BB-1955E91646E8}.Debug|x86.ActiveCfg = Debug|Win32
		{20846EC7-02EC-4C19-92BB-1955E91646E8}.Release|Any CPU.ActiveCfg = Release|x64
		{20846EC7-02EC-4C19-92BB-1955E91646E8}.Release|x64.ActiveCfg = Release|x64
		{20846EC7-02EC-4C19-92BB-1955E91646E8}.Release|x64.Build.0 = Release|x64
		{20846EC7-02EC-4C19-92BB-1955E91646E8}.Release|x86.ActiveCfg = Release|Win32
		{8A930CC3-5136-4A53-B4DD-306A1FCFB991}.Debug|Any CPU.ActiveCfg = Debug|x64
		{8A930CC3-5136-4A53-B4DD-306A1FCFB991}.Debug|x64.ActiveCfg = Debug|x64
		{8A930CC3-5136-4A53-B4DD-306A1FCFB991}.Debug|x64.Build.0 = Debug|x64
		{8A930CC3-5136-4A53-B4DD-306A1FCFB991}.Debug|x86.ActiveCfg = Debug|Win32
		{8A930CC3-5136-4A53-B4DD-306A1FCFB991}.Release|Any CPU.ActiveCfg = Release|x64
		{8A930CC3-5136-4A53-B4DD-306A1FCFB991}.Release|x64.ActiveCfg = Release|x64
		{8A930CC3-5136-4A53-B4DD-306A1FCFB991}.Release|x64.Build.0 = Release|x64
		{8A930CC3-5136-4A53-B4DD-306A1FCFB991}.Release|x86.ActiveCfg = Release|Win32
		{CF73FC28-386B-477A-BAD9-954BC27BAC29}.Debug|Any CPU.ActiveCfg = Debug|x64
		{CF73FC28-386B-477A-BAD9-954BC27BAC29}.Debug|x64.ActiveCfg = Debug|x64
		{CF73FC28-386B-477A-BAD9-954BC27BAC29}.Debug|x64.Build.0 = Debug|x64
		{CF73FC28-386B-477A-BAD9-954BC27BAC29}.Debug|x86.ActiveCfg = Debug|Win32
		{CF73FC28-386B-477A-BAD9-954BC27BAC29}.Release|Any CPU.ActiveCfg = Release|x64
		{CF73FC28-386B-477A-BAD9-954BC27BAC29}.Release|x64.ActiveCfg = Release|x64
		{CF73FC28-386B-477A-BAD9-954BC27BAC29}.Release|x64.Build.0 = Release|x64
		{CF73FC28-386B-477A-BAD9-954BC27BAC29}.Release|x86.ActiveCfg = Release|Win32
		{1AFC0A4A-CDD1-4908-8230-CAC40ECB4A84}.Debug|Any CPU.ActiveCfg = Debug|x64
		{1AFC0A4A-CDD1-4908-8230-CAC40ECB4A84}.Debug|x64.ActiveCfg = Debug|x64
		{1AFC0A4A-CDD1-4908-8230-CAC40ECB4A84}.Debug|x64.Build.0 = Debug|x64
		{1AFC0A4A-CDD1-4908-8230-CAC40ECB4A84}.Debug|x86.ActiveCfg = Debug|Win32
		{1AFC0A4A-CDD1-4908-8230-CAC40ECB4A84}.Release|Any CPU.ActiveCfg = Release|x64
		{1AFC0A4A-CDD1-4908-8230-CAC40ECB4A84}.Release|x64.ActiveCfg = Release|x64
		{1AFC0A4A-CDD1-4908-8230-CAC40ECB4A84}.Release|x64.Build.0 = Release|x64
		{1AFC0A4A-CDD1-4908-8230-CAC40ECB4A84}.Release|x86.ActiveCfg = Release|Win32
		{51EE7D77-A47D-4F69-9559-94C680335F08}.Debug|Any CPU.ActiveCfg = Debug|x64
		{51EE7D77-A47D-4F69-9559-94C680335F08}.Debug|x64.ActiveCfg = Debug|x64
		{51EE7D77-A47D-4F69-9559-94C680335F08}.Debug|x64.Build.0 = Debug|x64
		{51EE7D77-A47D-4F69-9559-94C680335F08}.Debug|x86.ActiveCfg = Debug|Win32
		{51EE7D77-A47D-4F69-9559-94C680335F08}.Release|Any CPU.ActiveCfg = Release|x64
		{51EE7D77-A47D-4F69-9559-94C680335F08}.Release|x64.ActiveCfg = Release|x64
		{51EE7D77-A47D-4F69-9559-94C680335F08}.Release|x64.Build.0 = Release|x64
		{51EE7D77-A47D-4F69-9559-94C680335F08}.Release|x86.ActiveCfg = Release|Win32
		{940092EE-D1EF-47CE-B447-49693F71D1A8}.Debug|Any CPU.ActiveCfg = Debug|x64
		{940092EE-D1EF-47CE-B447-49693F71D1A8}.Debug|x64.ActiveCfg = Debug|x64
		{940092EE-D1EF-47CE-B447-49693F71D1A8}.Debug|x64.Build.0 = Debug|x64
		{940092EE-D1EF-47CE-B447-49693F71D1A8}.Debug|x86.ActiveCfg = Debug|Win32
		{940092EE-D1EF-47CE-B447-49693F71D1A8}.Release|Any CPU.ActiveCfg = Release|x64
		{940092EE-D1EF-47CE-B447-49693F71D1A8}.Release|x64.ActiveCfg = Release|x64
		{940092EE-D1EF-47CE-B447-49693F71D1A8}.Release|x64.Build.0 = Release|x64
		{940092EE-D1EF-47CE-B447-49693F71D1A8}.Release|x86.ActiveCfg = Release|Win32
		{309B711E-BA37-4A57-88A4-1C7FE12A749E}.Debug|Any CPU.ActiveCfg = Debug|x64
		{309B711E-BA37-4A57-88A4-1C7FE12A749E}.Debug|x64.ActiveCfg = Debug|x64
		{309B711E-BA37-4A57-88A4-1C7FE12A749E}.Debug|x64.Build.0 = Debug|x64
		{309B711E-BA37-4A57-88A4-1C7FE12A749E}.Debug|x86.ActiveCfg = Debug|Win32
		{309B711E-BA37-4A57-88A4-1C7FE12A749E}.Release|Any CPU.ActiveCfg = Release|x64
		{309B711E-BA37-4A57-88A4-1C7FE12A749E}.Release|x64.ActiveCfg = Release|x64
		{309B711E-BA37-4A57-88A4-1C7FE12A749E}.Release|x64.Build.0 = Release|x64
		{309B711E-BA37-4A57-88A4-1C7FE12A749E}.Release|x86.ActiveCfg = Release|Win32
		{0DB7947C-A71E-4A35-AD1B-6A79E74E4EBB}.Debug|Any CPU.ActiveCfg = Debug|x64
		{0DB7947C-A71E-4A35-AD1B-6A79E74E4EBB}.Debug|x64.ActiveCfg = Debug|x64
		{0DB7947C-A71E-4A35-AD1B-6A79E74E4EBB}.Debug|x64.Build.0 = Debug|x64
		{0DB7947C-A71E-4A35-AD1B-6A79E74E4EBB}.Debug|x86.ActiveCfg = Debug|Win32
		{0DB7947C-A71E-4A35-AD1B-6A79E74E4EBB}.Release|Any CPU.ActiveCfg = Release|x64
		{0DB7947C-A71E-4A35-AD1B-6A79E74E4EBB}.Release|x64.ActiveCfg = Release|x64
		{0DB7947C-A71E-4A35-AD1B-6A79E74E4EBB}.Release|x64.Build.0 = Release|x64
		{0DB7947C-A71E-4A35-AD1B-6A79E74E4EBB}.Release|x86.ActiveCfg = Release|Win32
		{146DA310-83BB-4AC4-B15A-E5CCEFCB25E3}.Debug|Any CPU.ActiveCfg = Debug|x64
		{146DA310-83BB-4AC4-B15A-E5CCEFCB25E3}.Debug|x64.ActiveCfg = Debug|x64
		{146DA310-83BB-4AC4-B15A-E5CCEFCB25E3}.Debug|x64.Build.0 = Debug|x64
		{146DA310-83BB-4AC4-B15A-E5CCEFCB25E3}.Debug|x86.ActiveCfg = Debug|Win32
		{146DA310-83BB-4AC4-B15A-E5CCEFCB25E3}.Release|Any CPU.ActiveCfg = Release|x64
		{146DA310-83BB-4AC4-B15A-E5CCEFCB25E3}.Release|x64.ActiveCfg = Release|x64
		{146DA310-83BB-4AC4-B15A-E5CCEFCB25E3}.Release|x64.Build.0 = Release|x64
		{146DA310-83BB-4AC4-B15A-E5CCEFCB25E3}.Release|x86.ActiveCfg = Release|Win32
	EndGlobalSection
	GlobalSection(SolutionProperties) = preSolution
		HideSolutionNode = FALSE
	EndGlobalSection
	GlobalSection(NestedProjects) = preSolution
		{535F9BA2-C420-47E5-8A2D-7A6A64384B68} = {DE9FFAF9-C04B-4074-AB05-2E4BF2200709}
		{F36CA385-D69A-42C9-AC95-5C6FCDA7DC7A} = {DE9FFAF9-C04B-4074-AB05-2E4BF2200709}
		{DEEC8912-D855-4F36-8721-C75AE3557C4F} = {DE9FFAF9-C04B-4074-AB05-2E4BF2200709}
		{CADBAE8A-1B73-4D01-84F8-80102DA890D4} = {DE9FFAF9-C04B-4074-AB05-2E4BF2200709}
		{CA190052-3E9B-45DB-945A-70CE0B99FED0} = {DE9FFAF9-C04B-4074-AB05-2E4BF2200709}
		{6336CFB1-84D2-45FF-ADC4-A98ADAE5019F} = {DE9FFAF9-C04B-4074-AB05-2E4BF2200709}
		{D98F0CCC-89CA-43A7-A3BB-A1F1E3BD2040} = {DE9FFAF9-C04B-4074-AB05-2E4BF2200709}
		{32CA4479-D9A0-4B20-A323-A4A248829C1F} = {DE9FFAF9-C04B-4074-AB05-2E4BF2200709}
		{6D33ABEC-0B1E-4238-AE9D-ECACB7225E2B} = {DE9FFAF9-C04B-4074-AB05-2E4BF2200709}
		{B748E1CF-D361-4547-BA90-63F23E82F275} = {DE9FFAF9-C04B-4074-AB05-2E4BF2200709}
		{A07C7708-6738-4073-800E-054B58A29431} = {DE9FFAF9-C04B-4074-AB05-2E4BF2200709}
		{20846EC7-02EC-4C19-92BB-1955E91646E8} = {DE9FFAF9-C04B-4074-AB05-2E4BF2200709}
		{8A930CC3-5136-4A53-B4DD-306A1FCFB991} = {DE9FFAF9-C04B-4074-AB05-2E4BF2200709}
		{CF73FC28-386B-477A-BAD9-954BC27BAC29} = {DE9FFAF9-C04B-4074-AB05-2E4BF2200709}
		{1AFC0A4A-CDD1-4908-8230-CAC40ECB4A84} = {DE9FFAF9-C04B-4074-AB05-2E4BF2200709}
		{51EE7D77-A47D-4F69-9559-94C680335F08} = {DE9FFAF9-C04B-4074-AB05-2E4BF2200709}
		{940092EE-D1EF-47CE-B447-49693F71D1A8} = {DE9FFAF9-C04B-4074-AB05-2E4BF2200709}
	EndGlobalSection
	GlobalSection(ExtensibilityGlobals) = postSolution
		SolutionGuid = {91C914B2-30E8-4C21-B67A-DFEDFCB81FCF}
	EndGlobalSection
EndGlobal
